// !$*UTF8*$!
{
	archiveVersion = 1;
	classes = {
	};
	objectVersion = 51;
	objects = {

/* Begin PBXBuildFile section */
		B3D629B1DDCB2A29401A3045 /* Pods_iOS_Interview_Mark_BoleighaTests.framework in Frameworks */ = {isa = PBXBuildFile; fileRef = 78EC898CC3E2A4028B687F41 /* Pods_iOS_Interview_Mark_BoleighaTests.framework */; };
		DE1C11C027919FDC00C03E81 /* AppDelegate.swift in Sources */ = {isa = PBXBuildFile; fileRef = DE1C11BF27919FDC00C03E81 /* AppDelegate.swift */; };
		DE1C11CA27919FDC00C03E81 /* iOS_Interview_Mark_Boleigha.xcdatamodeld in Sources */ = {isa = PBXBuildFile; fileRef = DE1C11C827919FDC00C03E81 /* iOS_Interview_Mark_Boleigha.xcdatamodeld */; };
		DE1C11CC27919FE500C03E81 /* Assets.xcassets in Resources */ = {isa = PBXBuildFile; fileRef = DE1C11CB27919FE500C03E81 /* Assets.xcassets */; };
		DE1C11CF27919FE500C03E81 /* LaunchScreen.storyboard in Resources */ = {isa = PBXBuildFile; fileRef = DE1C11CD27919FE500C03E81 /* LaunchScreen.storyboard */; };
		DE1C11DA27919FE500C03E81 /* iOS_Interview_Mark_BoleighaTests.swift in Sources */ = {isa = PBXBuildFile; fileRef = DE1C11D927919FE500C03E81 /* iOS_Interview_Mark_BoleighaTests.swift */; };
		DE1C11EC279457DF00C03E81 /* LoginViewController.swift in Sources */ = {isa = PBXBuildFile; fileRef = DE1C11EB279457DF00C03E81 /* LoginViewController.swift */; };
		DE1C11F427948C4100C03E81 /* Reachability.swift in Sources */ = {isa = PBXBuildFile; fileRef = DE1C11F327948C4100C03E81 /* Reachability.swift */; };
		DE1C11F727949C9400C03E81 /* NetworkService.swift in Sources */ = {isa = PBXBuildFile; fileRef = DE1C11F627949C9400C03E81 /* NetworkService.swift */; };
		DE1C11FA27952CF100C03E81 /* SplashViewController.swift in Sources */ = {isa = PBXBuildFile; fileRef = DE1C11F927952CF100C03E81 /* SplashViewController.swift */; };
		DE1C11FE27952DD700C03E81 /* Navigation.swift in Sources */ = {isa = PBXBuildFile; fileRef = DE1C11FD27952DD700C03E81 /* Navigation.swift */; };
		DE1C1202279547D800C03E81 /* UIView+Extensions.swift in Sources */ = {isa = PBXBuildFile; fileRef = DE1C1201279547D800C03E81 /* UIView+Extensions.swift */; };
		DE1C120427954CC400C03E81 /* Colors.swift in Sources */ = {isa = PBXBuildFile; fileRef = DE1C120327954CC400C03E81 /* Colors.swift */; };
		DE1C120627958E5000C03E81 /* Request.swift in Sources */ = {isa = PBXBuildFile; fileRef = DE1C120527958E4F00C03E81 /* Request.swift */; };
		DE1C120827958E8F00C03E81 /* API.swift in Sources */ = {isa = PBXBuildFile; fileRef = DE1C120727958E8F00C03E81 /* API.swift */; };
		DE1C120C2795911400C03E81 /* AuthService.swift in Sources */ = {isa = PBXBuildFile; fileRef = DE1C120B2795911400C03E81 /* AuthService.swift */; };
		DE1C121027959A0B00C03E81 /* NetworkLayerTests.swift in Sources */ = {isa = PBXBuildFile; fileRef = DE1C120E27959A0A00C03E81 /* NetworkLayerTests.swift */; };
		DE1C12122795A3DA00C03E81 /* MockRequest.swift in Sources */ = {isa = PBXBuildFile; fileRef = DE1C12112795A3D900C03E81 /* MockRequest.swift */; };
		DE1C12152795A88A00C03E81 /* LoginViewModel.swift in Sources */ = {isa = PBXBuildFile; fileRef = DE1C12142795A88A00C03E81 /* LoginViewModel.swift */; };
		DE1C12182795ADCF00C03E81 /* SessionResponse.swift in Sources */ = {isa = PBXBuildFile; fileRef = DE1C12172795ADCE00C03E81 /* SessionResponse.swift */; };
		DE1C121C2795BD6600C03E81 /* HomeViewController.swift in Sources */ = {isa = PBXBuildFile; fileRef = DE1C121B2795BD6600C03E81 /* HomeViewController.swift */; };
		DE1C121F2795F57100C03E81 /* ScrollableView.swift in Sources */ = {isa = PBXBuildFile; fileRef = DE1C121E2795F57100C03E81 /* ScrollableView.swift */; };
		DE1C12232796002200C03E81 /* MoviesResponse.swift in Sources */ = {isa = PBXBuildFile; fileRef = DE1C12222796002200C03E81 /* MoviesResponse.swift */; };
		DE5BA2612796AFD9000850FA /* PopularMoviesCarousel.swift in Sources */ = {isa = PBXBuildFile; fileRef = DE5BA2602796AFD9000850FA /* PopularMoviesCarousel.swift */; };
		DE5BA2702796B182000850FA /* Lato-LightItalic.ttf in Resources */ = {isa = PBXBuildFile; fileRef = DE5BA2652796B181000850FA /* Lato-LightItalic.ttf */; };
		DE5BA2712796B182000850FA /* Lato-Bold.ttf in Resources */ = {isa = PBXBuildFile; fileRef = DE5BA2662796B181000850FA /* Lato-Bold.ttf */; };
		DE5BA2722796B182000850FA /* Lato-Regular.ttf in Resources */ = {isa = PBXBuildFile; fileRef = DE5BA2672796B181000850FA /* Lato-Regular.ttf */; };
		DE5BA2742796B182000850FA /* Lato-RegularItalic.ttf in Resources */ = {isa = PBXBuildFile; fileRef = DE5BA2692796B182000850FA /* Lato-RegularItalic.ttf */; };
		DE5BA2762796B182000850FA /* Lato-Light.ttf in Resources */ = {isa = PBXBuildFile; fileRef = DE5BA26B2796B182000850FA /* Lato-Light.ttf */; };
		DE5BA27A2796DAA7000850FA /* LatestMovieCarousel.swift in Sources */ = {isa = PBXBuildFile; fileRef = DE5BA2792796DAA7000850FA /* LatestMovieCarousel.swift */; };
		DE5BA27C2796DB3D000850FA /* UpcomingCarousel.swift in Sources */ = {isa = PBXBuildFile; fileRef = DE5BA27B2796DB3D000850FA /* UpcomingCarousel.swift */; };
		DE5BA27E2796F3EF000850FA /* HomeViewModel.swift in Sources */ = {isa = PBXBuildFile; fileRef = DE5BA27D2796F3EF000850FA /* HomeViewModel.swift */; };
		DE5BA2802796F6FF000850FA /* MovieDBService.swift in Sources */ = {isa = PBXBuildFile; fileRef = DE5BA27F2796F6FF000850FA /* MovieDBService.swift */; };
		DE5BA2822797180A000850FA /* KeyedDecodingContainer+Extension.swift in Sources */ = {isa = PBXBuildFile; fileRef = DE5BA2812797180A000850FA /* KeyedDecodingContainer+Extension.swift */; };
		DE5BA28427973B69000850FA /* UIImage+Extension.swift in Sources */ = {isa = PBXBuildFile; fileRef = DE5BA28327973B69000850FA /* UIImage+Extension.swift */; };
		DE5BA28627975409000850FA /* Decimal+Extension.swift in Sources */ = {isa = PBXBuildFile; fileRef = DE5BA28527975409000850FA /* Decimal+Extension.swift */; };
		DE5BA28C27975A47000850FA /* APITestClient.swift in Sources */ = {isa = PBXBuildFile; fileRef = DE5BA28B27975A47000850FA /* APITestClient.swift */; };
		DE5BA28F27976411000850FA /* db.json in Resources */ = {isa = PBXBuildFile; fileRef = DE5BA28D27975B9A000850FA /* db.json */; };
		DE5BA29127977551000850FA /* Codable+Extensions.swift in Sources */ = {isa = PBXBuildFile; fileRef = DE5BA29027977551000850FA /* Codable+Extensions.swift */; };
		DE5BA2932797F238000850FA /* imageLoader.swift in Sources */ = {isa = PBXBuildFile; fileRef = DE5BA2922797F238000850FA /* imageLoader.swift */; };
		DE5BA29627983EE3000850FA /* LatestViewController.swift in Sources */ = {isa = PBXBuildFile; fileRef = DE5BA29527983EE3000850FA /* LatestViewController.swift */; };
		DE5BA29927984107000850FA /* UpcomingViewController.swift in Sources */ = {isa = PBXBuildFile; fileRef = DE5BA29827984107000850FA /* UpcomingViewController.swift */; };
		DE5BA29C27984173000850FA /* PopularViewController.swift in Sources */ = {isa = PBXBuildFile; fileRef = DE5BA29B27984173000850FA /* PopularViewController.swift */; };
		DE5BA29F27984990000850FA /* MovieDetailViewController.swift in Sources */ = {isa = PBXBuildFile; fileRef = DE5BA29E27984990000850FA /* MovieDetailViewController.swift */; };
		DE5BA2A227994D74000850FA /* TabMenu.swift in Sources */ = {isa = PBXBuildFile; fileRef = DE5BA2A127994D74000850FA /* TabMenu.swift */; };
		DE5BA2A427994DAA000850FA /* MenuItem.swift in Sources */ = {isa = PBXBuildFile; fileRef = DE5BA2A327994DAA000850FA /* MenuItem.swift */; };
		DE72D2CA27A2EF9B008C4925 /* Latest.swift in Sources */ = {isa = PBXBuildFile; fileRef = DE72D2C927A2EF9B008C4925 /* Latest.swift */; };
		E54409D8E9E02FE8FC4F17BB /* Pods_iOS_Interview_Mark_Boleigha.framework in Frameworks */ = {isa = PBXBuildFile; fileRef = A9F12D77009D7F8AC989F364 /* Pods_iOS_Interview_Mark_Boleigha.framework */; };
/* End PBXBuildFile section */

/* Begin PBXContainerItemProxy section */
		DE1C11D627919FE500C03E81 /* PBXContainerItemProxy */ = {
			isa = PBXContainerItemProxy;
			containerPortal = DE1C11B427919FDC00C03E81 /* Project object */;
			proxyType = 1;
			remoteGlobalIDString = DE1C11BB27919FDC00C03E81;
			remoteInfo = "iOS Interview Mark Boleigha";
		};
/* End PBXContainerItemProxy section */

/* Begin PBXFileReference section */
		16F70DE83F48D0456C0073E2 /* Pods-iOS Interview Mark Boleigha.debug.xcconfig */ = {isa = PBXFileReference; includeInIndex = 1; lastKnownFileType = text.xcconfig; name = "Pods-iOS Interview Mark Boleigha.debug.xcconfig"; path = "Target Support Files/Pods-iOS Interview Mark Boleigha/Pods-iOS Interview Mark Boleigha.debug.xcconfig"; sourceTree = "<group>"; };
		5E3169DBAA2972651769E024 /* Pods-iOS Interview Mark BoleighaTests.debug.xcconfig */ = {isa = PBXFileReference; includeInIndex = 1; lastKnownFileType = text.xcconfig; name = "Pods-iOS Interview Mark BoleighaTests.debug.xcconfig"; path = "Target Support Files/Pods-iOS Interview Mark BoleighaTests/Pods-iOS Interview Mark BoleighaTests.debug.xcconfig"; sourceTree = "<group>"; };
		78EC898CC3E2A4028B687F41 /* Pods_iOS_Interview_Mark_BoleighaTests.framework */ = {isa = PBXFileReference; explicitFileType = wrapper.framework; includeInIndex = 0; path = Pods_iOS_Interview_Mark_BoleighaTests.framework; sourceTree = BUILT_PRODUCTS_DIR; };
		A9F12D77009D7F8AC989F364 /* Pods_iOS_Interview_Mark_Boleigha.framework */ = {isa = PBXFileReference; explicitFileType = wrapper.framework; includeInIndex = 0; path = Pods_iOS_Interview_Mark_Boleigha.framework; sourceTree = BUILT_PRODUCTS_DIR; };
		AE774BA136D8944A72D86612 /* Pods-iOS Interview Mark Boleigha.release.xcconfig */ = {isa = PBXFileReference; includeInIndex = 1; lastKnownFileType = text.xcconfig; name = "Pods-iOS Interview Mark Boleigha.release.xcconfig"; path = "Target Support Files/Pods-iOS Interview Mark Boleigha/Pods-iOS Interview Mark Boleigha.release.xcconfig"; sourceTree = "<group>"; };
		DE1C11BC27919FDC00C03E81 /* iOS Interview Mark Boleigha.app */ = {isa = PBXFileReference; explicitFileType = wrapper.application; includeInIndex = 0; path = "iOS Interview Mark Boleigha.app"; sourceTree = BUILT_PRODUCTS_DIR; };
		DE1C11BF27919FDC00C03E81 /* AppDelegate.swift */ = {isa = PBXFileReference; lastKnownFileType = sourcecode.swift; path = AppDelegate.swift; sourceTree = "<group>"; };
		DE1C11C927919FDC00C03E81 /* iOS_Interview_Mark_Boleigha.xcdatamodel */ = {isa = PBXFileReference; lastKnownFileType = wrapper.xcdatamodel; path = iOS_Interview_Mark_Boleigha.xcdatamodel; sourceTree = "<group>"; };
		DE1C11CB27919FE500C03E81 /* Assets.xcassets */ = {isa = PBXFileReference; lastKnownFileType = folder.assetcatalog; path = Assets.xcassets; sourceTree = "<group>"; };
		DE1C11CE27919FE500C03E81 /* Base */ = {isa = PBXFileReference; lastKnownFileType = file.storyboard; name = Base; path = Base.lproj/LaunchScreen.storyboard; sourceTree = "<group>"; };
		DE1C11D027919FE500C03E81 /* Info.plist */ = {isa = PBXFileReference; lastKnownFileType = text.plist.xml; path = Info.plist; sourceTree = "<group>"; };
		DE1C11D527919FE500C03E81 /* iOS Interview Mark BoleighaTests.xctest */ = {isa = PBXFileReference; explicitFileType = wrapper.cfbundle; includeInIndex = 0; path = "iOS Interview Mark BoleighaTests.xctest"; sourceTree = BUILT_PRODUCTS_DIR; };
		DE1C11D927919FE500C03E81 /* iOS_Interview_Mark_BoleighaTests.swift */ = {isa = PBXFileReference; lastKnownFileType = sourcecode.swift; path = iOS_Interview_Mark_BoleighaTests.swift; sourceTree = "<group>"; };
		DE1C11DB27919FE500C03E81 /* Info.plist */ = {isa = PBXFileReference; lastKnownFileType = text.plist.xml; path = Info.plist; sourceTree = "<group>"; };
		DE1C11EB279457DF00C03E81 /* LoginViewController.swift */ = {isa = PBXFileReference; lastKnownFileType = sourcecode.swift; path = LoginViewController.swift; sourceTree = "<group>"; };
		DE1C11F327948C4100C03E81 /* Reachability.swift */ = {isa = PBXFileReference; lastKnownFileType = sourcecode.swift; path = Reachability.swift; sourceTree = "<group>"; };
		DE1C11F627949C9400C03E81 /* NetworkService.swift */ = {isa = PBXFileReference; lastKnownFileType = sourcecode.swift; path = NetworkService.swift; sourceTree = "<group>"; };
		DE1C11F927952CF100C03E81 /* SplashViewController.swift */ = {isa = PBXFileReference; lastKnownFileType = sourcecode.swift; path = SplashViewController.swift; sourceTree = "<group>"; };
		DE1C11FD27952DD700C03E81 /* Navigation.swift */ = {isa = PBXFileReference; lastKnownFileType = sourcecode.swift; path = Navigation.swift; sourceTree = "<group>"; };
		DE1C1201279547D800C03E81 /* UIView+Extensions.swift */ = {isa = PBXFileReference; lastKnownFileType = sourcecode.swift; path = "UIView+Extensions.swift"; sourceTree = "<group>"; };
		DE1C120327954CC400C03E81 /* Colors.swift */ = {isa = PBXFileReference; lastKnownFileType = sourcecode.swift; path = Colors.swift; sourceTree = "<group>"; };
		DE1C120527958E4F00C03E81 /* Request.swift */ = {isa = PBXFileReference; lastKnownFileType = sourcecode.swift; path = Request.swift; sourceTree = "<group>"; };
		DE1C120727958E8F00C03E81 /* API.swift */ = {isa = PBXFileReference; lastKnownFileType = sourcecode.swift; path = API.swift; sourceTree = "<group>"; };
		DE1C120B2795911400C03E81 /* AuthService.swift */ = {isa = PBXFileReference; lastKnownFileType = sourcecode.swift; path = AuthService.swift; sourceTree = "<group>"; };
		DE1C120E27959A0A00C03E81 /* NetworkLayerTests.swift */ = {isa = PBXFileReference; lastKnownFileType = sourcecode.swift; path = NetworkLayerTests.swift; sourceTree = "<group>"; };
		DE1C12112795A3D900C03E81 /* MockRequest.swift */ = {isa = PBXFileReference; lastKnownFileType = sourcecode.swift; path = MockRequest.swift; sourceTree = "<group>"; };
		DE1C12142795A88A00C03E81 /* LoginViewModel.swift */ = {isa = PBXFileReference; lastKnownFileType = sourcecode.swift; path = LoginViewModel.swift; sourceTree = "<group>"; };
		DE1C12172795ADCE00C03E81 /* SessionResponse.swift */ = {isa = PBXFileReference; lastKnownFileType = sourcecode.swift; path = SessionResponse.swift; sourceTree = "<group>"; };
		DE1C121B2795BD6600C03E81 /* HomeViewController.swift */ = {isa = PBXFileReference; lastKnownFileType = sourcecode.swift; path = HomeViewController.swift; sourceTree = "<group>"; };
		DE1C121E2795F57100C03E81 /* ScrollableView.swift */ = {isa = PBXFileReference; lastKnownFileType = sourcecode.swift; path = ScrollableView.swift; sourceTree = "<group>"; };
		DE1C12222796002200C03E81 /* MoviesResponse.swift */ = {isa = PBXFileReference; lastKnownFileType = sourcecode.swift; path = MoviesResponse.swift; sourceTree = "<group>"; };
		DE5BA2602796AFD9000850FA /* PopularMoviesCarousel.swift */ = {isa = PBXFileReference; lastKnownFileType = sourcecode.swift; path = PopularMoviesCarousel.swift; sourceTree = "<group>"; };
		DE5BA2652796B181000850FA /* Lato-LightItalic.ttf */ = {isa = PBXFileReference; lastKnownFileType = file; path = "Lato-LightItalic.ttf"; sourceTree = "<group>"; };
		DE5BA2662796B181000850FA /* Lato-Bold.ttf */ = {isa = PBXFileReference; lastKnownFileType = file; path = "Lato-Bold.ttf"; sourceTree = "<group>"; };
		DE5BA2672796B181000850FA /* Lato-Regular.ttf */ = {isa = PBXFileReference; lastKnownFileType = file; path = "Lato-Regular.ttf"; sourceTree = "<group>"; };
		DE5BA2692796B182000850FA /* Lato-RegularItalic.ttf */ = {isa = PBXFileReference; lastKnownFileType = file; path = "Lato-RegularItalic.ttf"; sourceTree = "<group>"; };
		DE5BA26B2796B182000850FA /* Lato-Light.ttf */ = {isa = PBXFileReference; lastKnownFileType = file; name = "Lato-Light.ttf"; path = "../../../../../../../../Applications/MAMP/Library/lib/ruby/2.3.0/rdoc/generator/template/darkfish/fonts/Lato-Light.ttf"; sourceTree = "<group>"; };
		DE5BA2792796DAA7000850FA /* LatestMovieCarousel.swift */ = {isa = PBXFileReference; lastKnownFileType = sourcecode.swift; path = LatestMovieCarousel.swift; sourceTree = "<group>"; };
		DE5BA27B2796DB3D000850FA /* UpcomingCarousel.swift */ = {isa = PBXFileReference; lastKnownFileType = sourcecode.swift; path = UpcomingCarousel.swift; sourceTree = "<group>"; };
		DE5BA27D2796F3EF000850FA /* HomeViewModel.swift */ = {isa = PBXFileReference; lastKnownFileType = sourcecode.swift; path = HomeViewModel.swift; sourceTree = "<group>"; };
		DE5BA27F2796F6FF000850FA /* MovieDBService.swift */ = {isa = PBXFileReference; lastKnownFileType = sourcecode.swift; path = MovieDBService.swift; sourceTree = "<group>"; };
		DE5BA2812797180A000850FA /* KeyedDecodingContainer+Extension.swift */ = {isa = PBXFileReference; lastKnownFileType = sourcecode.swift; path = "KeyedDecodingContainer+Extension.swift"; sourceTree = "<group>"; };
		DE5BA28327973B69000850FA /* UIImage+Extension.swift */ = {isa = PBXFileReference; lastKnownFileType = sourcecode.swift; path = "UIImage+Extension.swift"; sourceTree = "<group>"; };
		DE5BA28527975409000850FA /* Decimal+Extension.swift */ = {isa = PBXFileReference; lastKnownFileType = sourcecode.swift; path = "Decimal+Extension.swift"; sourceTree = "<group>"; };
		DE5BA28B27975A47000850FA /* APITestClient.swift */ = {isa = PBXFileReference; lastKnownFileType = sourcecode.swift; path = APITestClient.swift; sourceTree = "<group>"; };
		DE5BA28D27975B9A000850FA /* db.json */ = {isa = PBXFileReference; lastKnownFileType = text.json; path = db.json; sourceTree = "<group>"; };
		DE5BA29027977551000850FA /* Codable+Extensions.swift */ = {isa = PBXFileReference; lastKnownFileType = sourcecode.swift; path = "Codable+Extensions.swift"; sourceTree = "<group>"; };
		DE5BA2922797F238000850FA /* imageLoader.swift */ = {isa = PBXFileReference; lastKnownFileType = sourcecode.swift; path = imageLoader.swift; sourceTree = "<group>"; };
		DE5BA29527983EE3000850FA /* LatestViewController.swift */ = {isa = PBXFileReference; lastKnownFileType = sourcecode.swift; path = LatestViewController.swift; sourceTree = "<group>"; };
		DE5BA29827984107000850FA /* UpcomingViewController.swift */ = {isa = PBXFileReference; lastKnownFileType = sourcecode.swift; path = UpcomingViewController.swift; sourceTree = "<group>"; };
		DE5BA29B27984173000850FA /* PopularViewController.swift */ = {isa = PBXFileReference; lastKnownFileType = sourcecode.swift; path = PopularViewController.swift; sourceTree = "<group>"; };
		DE5BA29E27984990000850FA /* MovieDetailViewController.swift */ = {isa = PBXFileReference; lastKnownFileType = sourcecode.swift; path = MovieDetailViewController.swift; sourceTree = "<group>"; };
		DE5BA2A127994D74000850FA /* TabMenu.swift */ = {isa = PBXFileReference; lastKnownFileType = sourcecode.swift; path = TabMenu.swift; sourceTree = "<group>"; };
		DE5BA2A327994DAA000850FA /* MenuItem.swift */ = {isa = PBXFileReference; lastKnownFileType = sourcecode.swift; path = MenuItem.swift; sourceTree = "<group>"; };
		DE72D2C927A2EF9B008C4925 /* Latest.swift */ = {isa = PBXFileReference; lastKnownFileType = sourcecode.swift; path = Latest.swift; sourceTree = "<group>"; };
		FD00EA3F67100C327DEB002B /* Pods-iOS Interview Mark BoleighaTests.release.xcconfig */ = {isa = PBXFileReference; includeInIndex = 1; lastKnownFileType = text.xcconfig; name = "Pods-iOS Interview Mark BoleighaTests.release.xcconfig"; path = "Target Support Files/Pods-iOS Interview Mark BoleighaTests/Pods-iOS Interview Mark BoleighaTests.release.xcconfig"; sourceTree = "<group>"; };
/* End PBXFileReference section */

/* Begin PBXFrameworksBuildPhase section */
		DE1C11B927919FDC00C03E81 /* Frameworks */ = {
			isa = PBXFrameworksBuildPhase;
			buildActionMask = 2147483647;
			files = (
				E54409D8E9E02FE8FC4F17BB /* Pods_iOS_Interview_Mark_Boleigha.framework in Frameworks */,
			);
			runOnlyForDeploymentPostprocessing = 0;
		};
		DE1C11D227919FE500C03E81 /* Frameworks */ = {
			isa = PBXFrameworksBuildPhase;
			buildActionMask = 2147483647;
			files = (
				B3D629B1DDCB2A29401A3045 /* Pods_iOS_Interview_Mark_BoleighaTests.framework in Frameworks */,
			);
			runOnlyForDeploymentPostprocessing = 0;
		};
/* End PBXFrameworksBuildPhase section */

/* Begin PBXGroup section */
		37A556A2B156B6B1E01C1907 /* Frameworks */ = {
			isa = PBXGroup;
			children = (
				A9F12D77009D7F8AC989F364 /* Pods_iOS_Interview_Mark_Boleigha.framework */,
				78EC898CC3E2A4028B687F41 /* Pods_iOS_Interview_Mark_BoleighaTests.framework */,
			);
			name = Frameworks;
			sourceTree = "<group>";
		};
		37E5C4064310166B345D40FD /* Pods */ = {
			isa = PBXGroup;
			children = (
				16F70DE83F48D0456C0073E2 /* Pods-iOS Interview Mark Boleigha.debug.xcconfig */,
				AE774BA136D8944A72D86612 /* Pods-iOS Interview Mark Boleigha.release.xcconfig */,
				5E3169DBAA2972651769E024 /* Pods-iOS Interview Mark BoleighaTests.debug.xcconfig */,
				FD00EA3F67100C327DEB002B /* Pods-iOS Interview Mark BoleighaTests.release.xcconfig */,
			);
			path = Pods;
			sourceTree = "<group>";
		};
		DE1C11B327919FDC00C03E81 = {
			isa = PBXGroup;
			children = (
				DE1C11BE27919FDC00C03E81 /* iOS Interview Mark Boleigha */,
				DE1C11D827919FE500C03E81 /* iOS Interview Mark BoleighaTests */,
				DE1C11BD27919FDC00C03E81 /* Products */,
				37E5C4064310166B345D40FD /* Pods */,
				37A556A2B156B6B1E01C1907 /* Frameworks */,
			);
			sourceTree = "<group>";
		};
		DE1C11BD27919FDC00C03E81 /* Products */ = {
			isa = PBXGroup;
			children = (
				DE1C11BC27919FDC00C03E81 /* iOS Interview Mark Boleigha.app */,
				DE1C11D527919FE500C03E81 /* iOS Interview Mark BoleighaTests.xctest */,
			);
			name = Products;
			sourceTree = "<group>";
		};
		DE1C11BE27919FDC00C03E81 /* iOS Interview Mark Boleigha */ = {
			isa = PBXGroup;
			children = (
				DE1C11E42791A18D00C03E81 /* Data */,
				DE1C11E72791A1BC00C03E81 /* Services */,
				DE1C11E52791A19900C03E81 /* Presentation */,
				DE1C11E62791A1AA00C03E81 /* Views */,
				DE1C11E82791A1C500C03E81 /* Utils */,
				DE1C11BF27919FDC00C03E81 /* AppDelegate.swift */,
				DE1C11CB27919FE500C03E81 /* Assets.xcassets */,
				DE1C11CD27919FE500C03E81 /* LaunchScreen.storyboard */,
				DE1C11D027919FE500C03E81 /* Info.plist */,
			);
			path = "iOS Interview Mark Boleigha";
			sourceTree = "<group>";
		};
		DE1C11D827919FE500C03E81 /* iOS Interview Mark BoleighaTests */ = {
			isa = PBXGroup;
			children = (
				DE1C11D927919FE500C03E81 /* iOS_Interview_Mark_BoleighaTests.swift */,
				DE1C11DB27919FE500C03E81 /* Info.plist */,
				DE1C120E27959A0A00C03E81 /* NetworkLayerTests.swift */,
				DE1C12112795A3D900C03E81 /* MockRequest.swift */,
				DE5BA28B27975A47000850FA /* APITestClient.swift */,
				DE5BA28D27975B9A000850FA /* db.json */,
			);
			path = "iOS Interview Mark BoleighaTests";
			sourceTree = "<group>";
		};
		DE1C11E42791A18D00C03E81 /* Data */ = {
			isa = PBXGroup;
			children = (
				DE1C12162795AD9F00C03E81 /* Data Models */,
				DE1C11C827919FDC00C03E81 /* iOS_Interview_Mark_Boleigha.xcdatamodeld */,
			);
			path = Data;
			sourceTree = "<group>";
		};
		DE1C11E52791A19900C03E81 /* Presentation */ = {
			isa = PBXGroup;
			children = (
				DE1C12132795A86A00C03E81 /* ViewModels */,
				DE1C11FC27952DBE00C03E81 /* Navigation Menu */,
			);
			path = Presentation;
			sourceTree = "<group>";
		};
		DE1C11E62791A1AA00C03E81 /* Views */ = {
			isa = PBXGroup;
			children = (
				DE5BA2A027994D59000850FA /* Nav */,
				DE1C11EA279457C500C03E81 /* Main */,
				DE1C11E9279457BE00C03E81 /* Authentication */,
				DE1C11F927952CF100C03E81 /* SplashViewController.swift */,
			);
			path = Views;
			sourceTree = "<group>";
		};
		DE1C11E72791A1BC00C03E81 /* Services */ = {
			isa = PBXGroup;
			children = (
				DE1C11EF2794873900C03E81 /* Network */,
			);
			path = Services;
			sourceTree = "<group>";
		};
		DE1C11E82791A1C500C03E81 /* Utils */ = {
			isa = PBXGroup;
			children = (
				DE5BA2622796B16B000850FA /* Fonts */,
				DE1C121D2795F55600C03E81 /* CustomViews */,
				DE1C1200279547C300C03E81 /* Extensions */,
				DE1C120327954CC400C03E81 /* Colors.swift */,
				DE5BA2922797F238000850FA /* imageLoader.swift */,
			);
			path = Utils;
			sourceTree = "<group>";
		};
		DE1C11E9279457BE00C03E81 /* Authentication */ = {
			isa = PBXGroup;
			children = (
				DE1C11EB279457DF00C03E81 /* LoginViewController.swift */,
			);
			path = Authentication;
			sourceTree = "<group>";
		};
		DE1C11EA279457C500C03E81 /* Main */ = {
			isa = PBXGroup;
			children = (
				DE5BA29D2798496A000850FA /* Detail */,
				DE5BA29A2798415D000850FA /* Popular */,
				DE5BA297279840DE000850FA /* Upcoming */,
				DE5BA29427983EC7000850FA /* Latest */,
				DE1C122427966EF100C03E81 /* Home */,
			);
			path = Main;
			sourceTree = "<group>";
		};
		DE1C11EF2794873900C03E81 /* Network */ = {
			isa = PBXGroup;
			children = (
				DE1C120A279590F500C03E81 /* API Routes */,
				DE1C11F327948C4100C03E81 /* Reachability.swift */,
				DE1C11F627949C9400C03E81 /* NetworkService.swift */,
				DE1C120527958E4F00C03E81 /* Request.swift */,
				DE1C120727958E8F00C03E81 /* API.swift */,
			);
			path = Network;
			sourceTree = "<group>";
		};
		DE1C11FC27952DBE00C03E81 /* Navigation Menu */ = {
			isa = PBXGroup;
			children = (
				DE1C11FD27952DD700C03E81 /* Navigation.swift */,
			);
			path = "Navigation Menu";
			sourceTree = "<group>";
		};
		DE1C1200279547C300C03E81 /* Extensions */ = {
			isa = PBXGroup;
			children = (
				DE1C1201279547D800C03E81 /* UIView+Extensions.swift */,
				DE5BA2812797180A000850FA /* KeyedDecodingContainer+Extension.swift */,
				DE5BA28327973B69000850FA /* UIImage+Extension.swift */,
				DE5BA28527975409000850FA /* Decimal+Extension.swift */,
				DE5BA29027977551000850FA /* Codable+Extensions.swift */,
			);
			path = Extensions;
			sourceTree = "<group>";
		};
		DE1C120A279590F500C03E81 /* API Routes */ = {
			isa = PBXGroup;
			children = (
				DE1C120B2795911400C03E81 /* AuthService.swift */,
				DE5BA27F2796F6FF000850FA /* MovieDBService.swift */,
			);
			path = "API Routes";
			sourceTree = "<group>";
		};
		DE1C12132795A86A00C03E81 /* ViewModels */ = {
			isa = PBXGroup;
			children = (
				DE1C12142795A88A00C03E81 /* LoginViewModel.swift */,
				DE5BA27D2796F3EF000850FA /* HomeViewModel.swift */,
			);
			path = ViewModels;
			sourceTree = "<group>";
		};
		DE1C12162795AD9F00C03E81 /* Data Models */ = {
			isa = PBXGroup;
			children = (
				DE1C12172795ADCE00C03E81 /* SessionResponse.swift */,
				DE1C12222796002200C03E81 /* MoviesResponse.swift */,
				DE72D2C927A2EF9B008C4925 /* Latest.swift */,
			);
			path = "Data Models";
			sourceTree = "<group>";
		};
		DE1C121D2795F55600C03E81 /* CustomViews */ = {
			isa = PBXGroup;
			children = (
				DE1C121E2795F57100C03E81 /* ScrollableView.swift */,
			);
			path = CustomViews;
			sourceTree = "<group>";
		};
		DE1C122427966EF100C03E81 /* Home */ = {
			isa = PBXGroup;
			children = (
				DE1C121B2795BD6600C03E81 /* HomeViewController.swift */,
				DE5BA2602796AFD9000850FA /* PopularMoviesCarousel.swift */,
				DE5BA2792796DAA7000850FA /* LatestMovieCarousel.swift */,
				DE5BA27B2796DB3D000850FA /* UpcomingCarousel.swift */,
			);
			path = Home;
			sourceTree = "<group>";
		};
		DE5BA2622796B16B000850FA /* Fonts */ = {
			isa = PBXGroup;
			children = (
				DE5BA2662796B181000850FA /* Lato-Bold.ttf */,
				DE5BA26B2796B182000850FA /* Lato-Light.ttf */,
				DE5BA2652796B181000850FA /* Lato-LightItalic.ttf */,
				DE5BA2692796B182000850FA /* Lato-RegularItalic.ttf */,
				DE5BA2672796B181000850FA /* Lato-Regular.ttf */,
			);
			path = Fonts;
			sourceTree = "<group>";
		};
		DE5BA29427983EC7000850FA /* Latest */ = {
			isa = PBXGroup;
			children = (
				DE5BA29527983EE3000850FA /* LatestViewController.swift */,
			);
			path = Latest;
			sourceTree = "<group>";
		};
		DE5BA297279840DE000850FA /* Upcoming */ = {
			isa = PBXGroup;
			children = (
				DE5BA29827984107000850FA /* UpcomingViewController.swift */,
			);
			path = Upcoming;
			sourceTree = "<group>";
		};
		DE5BA29A2798415D000850FA /* Popular */ = {
			isa = PBXGroup;
			children = (
				DE5BA29B27984173000850FA /* PopularViewController.swift */,
			);
			path = Popular;
			sourceTree = "<group>";
		};
		DE5BA29D2798496A000850FA /* Detail */ = {
			isa = PBXGroup;
			children = (
				DE5BA29E27984990000850FA /* MovieDetailViewController.swift */,
			);
			path = Detail;
			sourceTree = "<group>";
		};
		DE5BA2A027994D59000850FA /* Nav */ = {
			isa = PBXGroup;
			children = (
				DE5BA2A127994D74000850FA /* TabMenu.swift */,
				DE5BA2A327994DAA000850FA /* MenuItem.swift */,
			);
			path = Nav;
			sourceTree = "<group>";
		};
/* End PBXGroup section */

/* Begin PBXNativeTarget section */
		DE1C11BB27919FDC00C03E81 /* iOS Interview Mark Boleigha */ = {
			isa = PBXNativeTarget;
			buildConfigurationList = DE1C11DE27919FE500C03E81 /* Build configuration list for PBXNativeTarget "iOS Interview Mark Boleigha" */;
			buildPhases = (
				06BAA953AF8568318208B96A /* [CP] Check Pods Manifest.lock */,
				DE1C11B827919FDC00C03E81 /* Sources */,
				DE1C11B927919FDC00C03E81 /* Frameworks */,
				DE1C11BA27919FDC00C03E81 /* Resources */,
				1E3A3EFD9C8F456292EEA966 /* [CP] Embed Pods Frameworks */,
			);
			buildRules = (
			);
			dependencies = (
			);
			name = "iOS Interview Mark Boleigha";
			productName = "iOS Interview Mark Boleigha";
			productReference = DE1C11BC27919FDC00C03E81 /* iOS Interview Mark Boleigha.app */;
			productType = "com.apple.product-type.application";
		};
		DE1C11D427919FE500C03E81 /* iOS Interview Mark BoleighaTests */ = {
			isa = PBXNativeTarget;
			buildConfigurationList = DE1C11E127919FE500C03E81 /* Build configuration list for PBXNativeTarget "iOS Interview Mark BoleighaTests" */;
			buildPhases = (
				D56A5E91E5A7A6481B8B0002 /* [CP] Check Pods Manifest.lock */,
				DE1C11D127919FE500C03E81 /* Sources */,
				DE1C11D227919FE500C03E81 /* Frameworks */,
				DE1C11D327919FE500C03E81 /* Resources */,
			);
			buildRules = (
			);
			dependencies = (
				DE1C11D727919FE500C03E81 /* PBXTargetDependency */,
			);
			name = "iOS Interview Mark BoleighaTests";
			productName = "iOS Interview Mark BoleighaTests";
			productReference = DE1C11D527919FE500C03E81 /* iOS Interview Mark BoleighaTests.xctest */;
			productType = "com.apple.product-type.bundle.unit-test";
		};
/* End PBXNativeTarget section */

/* Begin PBXProject section */
		DE1C11B427919FDC00C03E81 /* Project object */ = {
			isa = PBXProject;
			attributes = {
				LastSwiftUpdateCheck = 1130;
				LastUpgradeCheck = 1130;
				ORGANIZATIONNAME = Umba;
				TargetAttributes = {
					DE1C11BB27919FDC00C03E81 = {
						CreatedOnToolsVersion = 11.3.1;
					};
					DE1C11D427919FE500C03E81 = {
						CreatedOnToolsVersion = 11.3.1;
						TestTargetID = DE1C11BB27919FDC00C03E81;
					};
				};
			};
			buildConfigurationList = DE1C11B727919FDC00C03E81 /* Build configuration list for PBXProject "iOS Interview Mark Boleigha" */;
			compatibilityVersion = "Xcode 9.3";
			developmentRegion = en;
			hasScannedForEncodings = 0;
			knownRegions = (
				en,
				Base,
			);
			mainGroup = DE1C11B327919FDC00C03E81;
			productRefGroup = DE1C11BD27919FDC00C03E81 /* Products */;
			projectDirPath = "";
			projectRoot = "";
			targets = (
				DE1C11BB27919FDC00C03E81 /* iOS Interview Mark Boleigha */,
				DE1C11D427919FE500C03E81 /* iOS Interview Mark BoleighaTests */,
			);
		};
/* End PBXProject section */

/* Begin PBXResourcesBuildPhase section */
		DE1C11BA27919FDC00C03E81 /* Resources */ = {
			isa = PBXResourcesBuildPhase;
			buildActionMask = 2147483647;
			files = (
				DE5BA2712796B182000850FA /* Lato-Bold.ttf in Resources */,
				DE5BA2702796B182000850FA /* Lato-LightItalic.ttf in Resources */,
				DE5BA2762796B182000850FA /* Lato-Light.ttf in Resources */,
				DE1C11CF27919FE500C03E81 /* LaunchScreen.storyboard in Resources */,
				DE5BA2722796B182000850FA /* Lato-Regular.ttf in Resources */,
				DE5BA28F27976411000850FA /* db.json in Resources */,
				DE5BA2742796B182000850FA /* Lato-RegularItalic.ttf in Resources */,
				DE1C11CC27919FE500C03E81 /* Assets.xcassets in Resources */,
			);
			runOnlyForDeploymentPostprocessing = 0;
		};
		DE1C11D327919FE500C03E81 /* Resources */ = {
			isa = PBXResourcesBuildPhase;
			buildActionMask = 2147483647;
			files = (
			);
			runOnlyForDeploymentPostprocessing = 0;
		};
/* End PBXResourcesBuildPhase section */

/* Begin PBXShellScriptBuildPhase section */
		06BAA953AF8568318208B96A /* [CP] Check Pods Manifest.lock */ = {
			isa = PBXShellScriptBuildPhase;
			buildActionMask = 2147483647;
			files = (
			);
			inputFileListPaths = (
			);
			inputPaths = (
				"${PODS_PODFILE_DIR_PATH}/Podfile.lock",
				"${PODS_ROOT}/Manifest.lock",
			);
			name = "[CP] Check Pods Manifest.lock";
			outputFileListPaths = (
			);
			outputPaths = (
				"$(DERIVED_FILE_DIR)/Pods-iOS Interview Mark Boleigha-checkManifestLockResult.txt",
			);
			runOnlyForDeploymentPostprocessing = 0;
			shellPath = /bin/sh;
			shellScript = "diff \"${PODS_PODFILE_DIR_PATH}/Podfile.lock\" \"${PODS_ROOT}/Manifest.lock\" > /dev/null\nif [ $? != 0 ] ; then\n    # print error to STDERR\n    echo \"error: The sandbox is not in sync with the Podfile.lock. Run 'pod install' or update your CocoaPods installation.\" >&2\n    exit 1\nfi\n# This output is used by Xcode 'outputs' to avoid re-running this script phase.\necho \"SUCCESS\" > \"${SCRIPT_OUTPUT_FILE_0}\"\n";
			showEnvVarsInLog = 0;
		};
		1E3A3EFD9C8F456292EEA966 /* [CP] Embed Pods Frameworks */ = {
			isa = PBXShellScriptBuildPhase;
			buildActionMask = 2147483647;
			files = (
			);
			inputFileListPaths = (
				"${PODS_ROOT}/Target Support Files/Pods-iOS Interview Mark Boleigha/Pods-iOS Interview Mark Boleigha-frameworks-${CONFIGURATION}-input-files.xcfilelist",
			);
			name = "[CP] Embed Pods Frameworks";
			outputFileListPaths = (
				"${PODS_ROOT}/Target Support Files/Pods-iOS Interview Mark Boleigha/Pods-iOS Interview Mark Boleigha-frameworks-${CONFIGURATION}-output-files.xcfilelist",
			);
			runOnlyForDeploymentPostprocessing = 0;
			shellPath = /bin/sh;
			shellScript = "\"${PODS_ROOT}/Target Support Files/Pods-iOS Interview Mark Boleigha/Pods-iOS Interview Mark Boleigha-frameworks.sh\"\n";
			showEnvVarsInLog = 0;
		};
		D56A5E91E5A7A6481B8B0002 /* [CP] Check Pods Manifest.lock */ = {
			isa = PBXShellScriptBuildPhase;
			buildActionMask = 2147483647;
			files = (
			);
			inputFileListPaths = (
			);
			inputPaths = (
				"${PODS_PODFILE_DIR_PATH}/Podfile.lock",
				"${PODS_ROOT}/Manifest.lock",
			);
			name = "[CP] Check Pods Manifest.lock";
			outputFileListPaths = (
			);
			outputPaths = (
				"$(DERIVED_FILE_DIR)/Pods-iOS Interview Mark BoleighaTests-checkManifestLockResult.txt",
			);
			runOnlyForDeploymentPostprocessing = 0;
			shellPath = /bin/sh;
			shellScript = "diff \"${PODS_PODFILE_DIR_PATH}/Podfile.lock\" \"${PODS_ROOT}/Manifest.lock\" > /dev/null\nif [ $? != 0 ] ; then\n    # print error to STDERR\n    echo \"error: The sandbox is not in sync with the Podfile.lock. Run 'pod install' or update your CocoaPods installation.\" >&2\n    exit 1\nfi\n# This output is used by Xcode 'outputs' to avoid re-running this script phase.\necho \"SUCCESS\" > \"${SCRIPT_OUTPUT_FILE_0}\"\n";
			showEnvVarsInLog = 0;
		};
/* End PBXShellScriptBuildPhase section */

/* Begin PBXSourcesBuildPhase section */
		DE1C11B827919FDC00C03E81 /* Sources */ = {
			isa = PBXSourcesBuildPhase;
			buildActionMask = 2147483647;
			files = (
				DE1C11F427948C4100C03E81 /* Reachability.swift in Sources */,
				DE1C121F2795F57100C03E81 /* ScrollableView.swift in Sources */,
				DE1C120627958E5000C03E81 /* Request.swift in Sources */,
				DE1C120427954CC400C03E81 /* Colors.swift in Sources */,
				DE1C121C2795BD6600C03E81 /* HomeViewController.swift in Sources */,
				DE5BA27E2796F3EF000850FA /* HomeViewModel.swift in Sources */,
				DE1C11EC279457DF00C03E81 /* LoginViewController.swift in Sources */,
				DE5BA2932797F238000850FA /* imageLoader.swift in Sources */,
				DE1C1202279547D800C03E81 /* UIView+Extensions.swift in Sources */,
				DE1C11F727949C9400C03E81 /* NetworkService.swift in Sources */,
				DE1C12152795A88A00C03E81 /* LoginViewModel.swift in Sources */,
				DE5BA2822797180A000850FA /* KeyedDecodingContainer+Extension.swift in Sources */,
				DE1C11C027919FDC00C03E81 /* AppDelegate.swift in Sources */,
				DE5BA28427973B69000850FA /* UIImage+Extension.swift in Sources */,
				DE1C120827958E8F00C03E81 /* API.swift in Sources */,
				DE1C11FE27952DD700C03E81 /* Navigation.swift in Sources */,
				DE1C12182795ADCF00C03E81 /* SessionResponse.swift in Sources */,
				DE1C11CA27919FDC00C03E81 /* iOS_Interview_Mark_Boleigha.xcdatamodeld in Sources */,
				DE5BA27A2796DAA7000850FA /* LatestMovieCarousel.swift in Sources */,
				DE1C12232796002200C03E81 /* MoviesResponse.swift in Sources */,
				DE1C11FA27952CF100C03E81 /* SplashViewController.swift in Sources */,
				DE5BA27C2796DB3D000850FA /* UpcomingCarousel.swift in Sources */,
				DE5BA29C27984173000850FA /* PopularViewController.swift in Sources */,
				DE5BA28627975409000850FA /* Decimal+Extension.swift in Sources */,
				DE5BA29127977551000850FA /* Codable+Extensions.swift in Sources */,
				DE5BA2612796AFD9000850FA /* PopularMoviesCarousel.swift in Sources */,
				DE5BA2802796F6FF000850FA /* MovieDBService.swift in Sources */,
				DE72D2CA27A2EF9B008C4925 /* Latest.swift in Sources */,
				DE1C120C2795911400C03E81 /* AuthService.swift in Sources */,
				DE5BA29927984107000850FA /* UpcomingViewController.swift in Sources */,
				DE5BA29F27984990000850FA /* MovieDetailViewController.swift in Sources */,
				DE5BA2A427994DAA000850FA /* MenuItem.swift in Sources */,
				DE5BA29627983EE3000850FA /* LatestViewController.swift in Sources */,
				DE5BA2A227994D74000850FA /* TabMenu.swift in Sources */,
			);
			runOnlyForDeploymentPostprocessing = 0;
		};
		DE1C11D127919FE500C03E81 /* Sources */ = {
			isa = PBXSourcesBuildPhase;
			buildActionMask = 2147483647;
			files = (
				DE1C11DA27919FE500C03E81 /* iOS_Interview_Mark_BoleighaTests.swift in Sources */,
				DE1C121027959A0B00C03E81 /* NetworkLayerTests.swift in Sources */,
				DE1C12122795A3DA00C03E81 /* MockRequest.swift in Sources */,
				DE5BA28C27975A47000850FA /* APITestClient.swift in Sources */,
			);
			runOnlyForDeploymentPostprocessing = 0;
		};
/* End PBXSourcesBuildPhase section */

/* Begin PBXTargetDependency section */
		DE1C11D727919FE500C03E81 /* PBXTargetDependency */ = {
			isa = PBXTargetDependency;
			target = DE1C11BB27919FDC00C03E81 /* iOS Interview Mark Boleigha */;
			targetProxy = DE1C11D627919FE500C03E81 /* PBXContainerItemProxy */;
		};
/* End PBXTargetDependency section */

/* Begin PBXVariantGroup section */
		DE1C11CD27919FE500C03E81 /* LaunchScreen.storyboard */ = {
			isa = PBXVariantGroup;
			children = (
				DE1C11CE27919FE500C03E81 /* Base */,
			);
			name = LaunchScreen.storyboard;
			sourceTree = "<group>";
		};
/* End PBXVariantGroup section */

/* Begin XCBuildConfiguration section */
		DE1C11DC27919FE500C03E81 /* Debug */ = {
			isa = XCBuildConfiguration;
			buildSettings = {
				ALWAYS_SEARCH_USER_PATHS = NO;
				CLANG_ANALYZER_NONNULL = YES;
				CLANG_ANALYZER_NUMBER_OBJECT_CONVERSION = YES_AGGRESSIVE;
				CLANG_CXX_LANGUAGE_STANDARD = "gnu++14";
				CLANG_CXX_LIBRARY = "libc++";
				CLANG_ENABLE_MODULES = YES;
				CLANG_ENABLE_OBJC_ARC = YES;
				CLANG_ENABLE_OBJC_WEAK = YES;
				CLANG_WARN_BLOCK_CAPTURE_AUTORELEASING = YES;
				CLANG_WARN_BOOL_CONVERSION = YES;
				CLANG_WARN_COMMA = YES;
				CLANG_WARN_CONSTANT_CONVERSION = YES;
				CLANG_WARN_DEPRECATED_OBJC_IMPLEMENTATIONS = YES;
				CLANG_WARN_DIRECT_OBJC_ISA_USAGE = YES_ERROR;
				CLANG_WARN_DOCUMENTATION_COMMENTS = YES;
				CLANG_WARN_EMPTY_BODY = YES;
				CLANG_WARN_ENUM_CONVERSION = YES;
				CLANG_WARN_INFINITE_RECURSION = YES;
				CLANG_WARN_INT_CONVERSION = YES;
				CLANG_WARN_NON_LITERAL_NULL_CONVERSION = YES;
				CLANG_WARN_OBJC_IMPLICIT_RETAIN_SELF = YES;
				CLANG_WARN_OBJC_LITERAL_CONVERSION = YES;
				CLANG_WARN_OBJC_ROOT_CLASS = YES_ERROR;
				CLANG_WARN_RANGE_LOOP_ANALYSIS = YES;
				CLANG_WARN_STRICT_PROTOTYPES = YES;
				CLANG_WARN_SUSPICIOUS_MOVE = YES;
				CLANG_WARN_UNGUARDED_AVAILABILITY = YES_AGGRESSIVE;
				CLANG_WARN_UNREACHABLE_CODE = YES;
				CLANG_WARN__DUPLICATE_METHOD_MATCH = YES;
				COPY_PHASE_STRIP = NO;
				DEBUG_INFORMATION_FORMAT = dwarf;
				ENABLE_STRICT_OBJC_MSGSEND = YES;
				ENABLE_TESTABILITY = YES;
				GCC_C_LANGUAGE_STANDARD = gnu11;
				GCC_DYNAMIC_NO_PIC = NO;
				GCC_NO_COMMON_BLOCKS = YES;
				GCC_OPTIMIZATION_LEVEL = 0;
				GCC_PREPROCESSOR_DEFINITIONS = (
					"DEBUG=1",
					"$(inherited)",
				);
				GCC_WARN_64_TO_32_BIT_CONVERSION = YES;
				GCC_WARN_ABOUT_RETURN_TYPE = YES_ERROR;
				GCC_WARN_UNDECLARED_SELECTOR = YES;
				GCC_WARN_UNINITIALIZED_AUTOS = YES_AGGRESSIVE;
				GCC_WARN_UNUSED_FUNCTION = YES;
				GCC_WARN_UNUSED_VARIABLE = YES;
				IPHONEOS_DEPLOYMENT_TARGET = 13.2;
				MTL_ENABLE_DEBUG_INFO = INCLUDE_SOURCE;
				MTL_FAST_MATH = YES;
				ONLY_ACTIVE_ARCH = YES;
				SDKROOT = iphoneos;
				SWIFT_ACTIVE_COMPILATION_CONDITIONS = DEBUG;
				SWIFT_OPTIMIZATION_LEVEL = "-Onone";
			};
			name = Debug;
		};
		DE1C11DD27919FE500C03E81 /* Release */ = {
			isa = XCBuildConfiguration;
			buildSettings = {
				ALWAYS_SEARCH_USER_PATHS = NO;
				CLANG_ANALYZER_NONNULL = YES;
				CLANG_ANALYZER_NUMBER_OBJECT_CONVERSION = YES_AGGRESSIVE;
				CLANG_CXX_LANGUAGE_STANDARD = "gnu++14";
				CLANG_CXX_LIBRARY = "libc++";
				CLANG_ENABLE_MODULES = YES;
				CLANG_ENABLE_OBJC_ARC = YES;
				CLANG_ENABLE_OBJC_WEAK = YES;
				CLANG_WARN_BLOCK_CAPTURE_AUTORELEASING = YES;
				CLANG_WARN_BOOL_CONVERSION = YES;
				CLANG_WARN_COMMA = YES;
				CLANG_WARN_CONSTANT_CONVERSION = YES;
				CLANG_WARN_DEPRECATED_OBJC_IMPLEMENTATIONS = YES;
				CLANG_WARN_DIRECT_OBJC_ISA_USAGE = YES_ERROR;
				CLANG_WARN_DOCUMENTATION_COMMENTS = YES;
				CLANG_WARN_EMPTY_BODY = YES;
				CLANG_WARN_ENUM_CONVERSION = YES;
				CLANG_WARN_INFINITE_RECURSION = YES;
				CLANG_WARN_INT_CONVERSION = YES;
				CLANG_WARN_NON_LITERAL_NULL_CONVERSION = YES;
				CLANG_WARN_OBJC_IMPLICIT_RETAIN_SELF = YES;
				CLANG_WARN_OBJC_LITERAL_CONVERSION = YES;
				CLANG_WARN_OBJC_ROOT_CLASS = YES_ERROR;
				CLANG_WARN_RANGE_LOOP_ANALYSIS = YES;
				CLANG_WARN_STRICT_PROTOTYPES = YES;
				CLANG_WARN_SUSPICIOUS_MOVE = YES;
				CLANG_WARN_UNGUARDED_AVAILABILITY = YES_AGGRESSIVE;
				CLANG_WARN_UNREACHABLE_CODE = YES;
				CLANG_WARN__DUPLICATE_METHOD_MATCH = YES;
				COPY_PHASE_STRIP = NO;
				DEBUG_INFORMATION_FORMAT = "dwarf-with-dsym";
				ENABLE_NS_ASSERTIONS = NO;
				ENABLE_STRICT_OBJC_MSGSEND = YES;
				GCC_C_LANGUAGE_STANDARD = gnu11;
				GCC_NO_COMMON_BLOCKS = YES;
				GCC_WARN_64_TO_32_BIT_CONVERSION = YES;
				GCC_WARN_ABOUT_RETURN_TYPE = YES_ERROR;
				GCC_WARN_UNDECLARED_SELECTOR = YES;
				GCC_WARN_UNINITIALIZED_AUTOS = YES_AGGRESSIVE;
				GCC_WARN_UNUSED_FUNCTION = YES;
				GCC_WARN_UNUSED_VARIABLE = YES;
				IPHONEOS_DEPLOYMENT_TARGET = 13.2;
				MTL_ENABLE_DEBUG_INFO = NO;
				MTL_FAST_MATH = YES;
				SDKROOT = iphoneos;
				SWIFT_COMPILATION_MODE = wholemodule;
				SWIFT_OPTIMIZATION_LEVEL = "-O";
				VALIDATE_PRODUCT = YES;
			};
			name = Release;
		};
		DE1C11DF27919FE500C03E81 /* Debug */ = {
			isa = XCBuildConfiguration;
			baseConfigurationReference = 16F70DE83F48D0456C0073E2 /* Pods-iOS Interview Mark Boleigha.debug.xcconfig */;
			buildSettings = {
				ASSETCATALOG_COMPILER_APPICON_NAME = AppIcon;
				CODE_SIGN_STYLE = Automatic;
				DEVELOPMENT_TEAM = 22FN4D2YAD;
				INFOPLIST_FILE = "iOS Interview Mark Boleigha/Info.plist";
				LD_RUNPATH_SEARCH_PATHS = (
					"$(inherited)",
					"@executable_path/Frameworks",
				);
				PRODUCT_BUNDLE_IDENTIFIER = "com.umba.iOS-Interview-Mark-Boleigha";
				PRODUCT_NAME = "$(TARGET_NAME)";
				SWIFT_VERSION = 5.0;
				TARGETED_DEVICE_FAMILY = 1;
			};
			name = Debug;
		};
		DE1C11E027919FE500C03E81 /* Release */ = {
			isa = XCBuildConfiguration;
			baseConfigurationReference = AE774BA136D8944A72D86612 /* Pods-iOS Interview Mark Boleigha.release.xcconfig */;
			buildSettings = {
				ASSETCATALOG_COMPILER_APPICON_NAME = AppIcon;
				CODE_SIGN_STYLE = Automatic;
				DEVELOPMENT_TEAM = 22FN4D2YAD;
				INFOPLIST_FILE = "iOS Interview Mark Boleigha/Info.plist";
				LD_RUNPATH_SEARCH_PATHS = (
					"$(inherited)",
					"@executable_path/Frameworks",
				);
				PRODUCT_BUNDLE_IDENTIFIER = "com.umba.iOS-Interview-Mark-Boleigha";
				PRODUCT_NAME = "$(TARGET_NAME)";
				SWIFT_VERSION = 5.0;
				TARGETED_DEVICE_FAMILY = 1;
			};
			name = Release;
		};
		DE1C11E227919FE500C03E81 /* Debug */ = {
			isa = XCBuildConfiguration;
			baseConfigurationReference = 5E3169DBAA2972651769E024 /* Pods-iOS Interview Mark BoleighaTests.debug.xcconfig */;
			buildSettings = {
				ALWAYS_EMBED_SWIFT_STANDARD_LIBRARIES = YES;
				BUNDLE_LOADER = "$(TEST_HOST)";
				CODE_SIGN_STYLE = Automatic;
				DEVELOPMENT_TEAM = 22FN4D2YAD;
				INFOPLIST_FILE = "iOS Interview Mark BoleighaTests/Info.plist";
				IPHONEOS_DEPLOYMENT_TARGET = 13.2;
				LD_RUNPATH_SEARCH_PATHS = (
					"$(inherited)",
					"@executable_path/Frameworks",
					"@loader_path/Frameworks",
				);
				PRODUCT_BUNDLE_IDENTIFIER = "com.umba.iOS-Interview-Mark-BoleighaTests";
				PRODUCT_NAME = "$(TARGET_NAME)";
				SWIFT_VERSION = 5.0;
				TARGETED_DEVICE_FAMILY = "1,2";
				TEST_HOST = "$(BUILT_PRODUCTS_DIR)/iOS Interview Mark Boleigha.app/iOS Interview Mark Boleigha";
			};
			name = Debug;
		};
		DE1C11E327919FE500C03E81 /* Release */ = {
			isa = XCBuildConfiguration;
			baseConfigurationReference = FD00EA3F67100C327DEB002B /* Pods-iOS Interview Mark BoleighaTests.release.xcconfig */;
			buildSettings = {
				ALWAYS_EMBED_SWIFT_STANDARD_LIBRARIES = YES;
				BUNDLE_LOADER = "$(TEST_HOST)";
				CODE_SIGN_STYLE = Automatic;
				DEVELOPMENT_TEAM = 22FN4D2YAD;
				INFOPLIST_FILE = "iOS Interview Mark BoleighaTests/Info.plist";
				IPHONEOS_DEPLOYMENT_TARGET = 13.2;
				LD_RUNPATH_SEARCH_PATHS = (
					"$(inherited)",
					"@executable_path/Frameworks",
					"@loader_path/Frameworks",
				);
				PRODUCT_BUNDLE_IDENTIFIER = "com.umba.iOS-Interview-Mark-BoleighaTests";
				PRODUCT_NAME = "$(TARGET_NAME)";
				SWIFT_VERSION = 5.0;
				TARGETED_DEVICE_FAMILY = "1,2";
				TEST_HOST = "$(BUILT_PRODUCTS_DIR)/iOS Interview Mark Boleigha.app/iOS Interview Mark Boleigha";
			};
			name = Release;
		};
/* End XCBuildConfiguration section */

/* Begin XCConfigurationList section */
		DE1C11B727919FDC00C03E81 /* Build configuration list for PBXProject "iOS Interview Mark Boleigha" */ = {
			isa = XCConfigurationList;
			buildConfigurations = (
				DE1C11DC27919FE500C03E81 /* Debug */,
				DE1C11DD27919FE500C03E81 /* Release */,
			);
			defaultConfigurationIsVisible = 0;
			defaultConfigurationName = Release;
		};
		DE1C11DE27919FE500C03E81 /* Build configuration list for PBXNativeTarget "iOS Interview Mark Boleigha" */ = {
			isa = XCConfigurationList;
			buildConfigurations = (
				DE1C11DF27919FE500C03E81 /* Debug */,
				DE1C11E027919FE500C03E81 /* Release */,
			);
			defaultConfigurationIsVisible = 0;
			defaultConfigurationName = Release;
		};
		DE1C11E127919FE500C03E81 /* Build configuration list for PBXNativeTarget "iOS Interview Mark BoleighaTests" */ = {
			isa = XCConfigurationList;
			buildConfigurations = (
				DE1C11E227919FE500C03E81 /* Debug */,
				DE1C11E327919FE500C03E81 /* Release */,
			);
			defaultConfigurationIsVisible = 0;
			defaultConfigurationName = Release;
		};
/* End XCConfigurationList section */

/* Begin XCVersionGroup section */
		DE1C11C827919FDC00C03E81 /* iOS_Interview_Mark_Boleigha.xcdatamodeld */ = {
			isa = XCVersionGroup;
			children = (
				DE1C11C927919FDC00C03E81 /* iOS_Interview_Mark_Boleigha.xcdatamodel */,
			);
			currentVersion = DE1C11C927919FDC00C03E81 /* iOS_Interview_Mark_Boleigha.xcdatamodel */;
			path = iOS_Interview_Mark_Boleigha.xcdatamodeld;
			sourceTree = "<group>";
			versionGroupType = wrapper.xcdatamodel;
		};
/* End XCVersionGroup section */
	};
	rootObject = DE1C11B427919FDC00C03E81 /* Project object */;
}
